// !$*UTF8*$!
{
	archiveVersion = 1;
	classes = {
	};
	objectVersion = 48;
	objects = {

/* Begin PBXBuildFile section */
		2A79A3B01FCDA7EB009A7302 /* AppDelegate.swift in Sources */ = {isa = PBXBuildFile; fileRef = 2A79A3AF1FCDA7EB009A7302 /* AppDelegate.swift */; };
		2A79A3B21FCDA7EB009A7302 /* AutomaticAwningViewController.swift in Sources */ = {isa = PBXBuildFile; fileRef = 2A79A3B11FCDA7EB009A7302 /* AutomaticAwningViewController.swift */; };
		2A79A3B51FCDA7EB009A7302 /* Main.storyboard in Resources */ = {isa = PBXBuildFile; fileRef = 2A79A3B31FCDA7EB009A7302 /* Main.storyboard */; };
		2A79A3B81FCDA7EB009A7302 /* AutomaticAwning.xcdatamodeld in Sources */ = {isa = PBXBuildFile; fileRef = 2A79A3B61FCDA7EB009A7302 /* AutomaticAwning.xcdatamodeld */; };
		2A79A3BA1FCDA7EB009A7302 /* Assets.xcassets in Resources */ = {isa = PBXBuildFile; fileRef = 2A79A3B91FCDA7EB009A7302 /* Assets.xcassets */; };
		2A79A3BD1FCDA7EB009A7302 /* LaunchScreen.storyboard in Resources */ = {isa = PBXBuildFile; fileRef = 2A79A3BB1FCDA7EB009A7302 /* LaunchScreen.storyboard */; };
		2A79A3C51FCDA86E009A7302 /* AwningListTableViewController.swift in Sources */ = {isa = PBXBuildFile; fileRef = 2A79A3C41FCDA86E009A7302 /* AwningListTableViewController.swift */; };
		2A79A3C71FCDA92D009A7302 /* AddAwningViewController.swift in Sources */ = {isa = PBXBuildFile; fileRef = 2A79A3C61FCDA92D009A7302 /* AddAwningViewController.swift */; };
		2A79A3CB1FCDBDED009A7302 /* Awning.swift in Sources */ = {isa = PBXBuildFile; fileRef = 2A79A3CA1FCDBDED009A7302 /* Awning.swift */; };
		2A79A3CD1FCDD170009A7302 /* 401715-200.png in Resources */ = {isa = PBXBuildFile; fileRef = 2A79A3CC1FCDD170009A7302 /* 401715-200.png */; };
		2A79A3CF1FCDECBB009A7302 /* av206d445c95daddcc4ad.png in Resources */ = {isa = PBXBuildFile; fileRef = 2A79A3CE1FCDECBA009A7302 /* av206d445c95daddcc4ad.png */; };
		2A79A3D21FCDFEB8009A7302 /* CoreBluetooth.framework in Frameworks */ = {isa = PBXBuildFile; fileRef = 2A79A3D11FCDFE9C009A7302 /* CoreBluetooth.framework */; };
		2A79A3D41FCE0B05009A7302 /* ScanTableViewController.swift in Sources */ = {isa = PBXBuildFile; fileRef = 2A79A3D31FCE0B05009A7302 /* ScanTableViewController.swift */; };
		2A79A3D61FCE27E7009A7302 /* BlueControlViewController.swift in Sources */ = {isa = PBXBuildFile; fileRef = 2A79A3D51FCE27E7009A7302 /* BlueControlViewController.swift */; };
		2A79A3D81FCEF247009A7302 /* AwningTableViewCell.swift in Sources */ = {isa = PBXBuildFile; fileRef = 2A79A3D71FCEF247009A7302 /* AwningTableViewCell.swift */; };
/* End PBXBuildFile section */

/* Begin PBXFileReference section */
		2A79A3AC1FCDA7EB009A7302 /* AutomaticAwning.app */ = {isa = PBXFileReference; explicitFileType = wrapper.application; includeInIndex = 0; path = AutomaticAwning.app; sourceTree = BUILT_PRODUCTS_DIR; };
		2A79A3AF1FCDA7EB009A7302 /* AppDelegate.swift */ = {isa = PBXFileReference; lastKnownFileType = sourcecode.swift; path = AppDelegate.swift; sourceTree = "<group>"; };
		2A79A3B11FCDA7EB009A7302 /* AutomaticAwningViewController.swift */ = {isa = PBXFileReference; lastKnownFileType = sourcecode.swift; path = AutomaticAwningViewController.swift; sourceTree = "<group>"; };
		2A79A3B41FCDA7EB009A7302 /* Base */ = {isa = PBXFileReference; lastKnownFileType = file.storyboard; name = Base; path = Base.lproj/Main.storyboard; sourceTree = "<group>"; };
		2A79A3B71FCDA7EB009A7302 /* AutomaticAwning.xcdatamodel */ = {isa = PBXFileReference; lastKnownFileType = wrapper.xcdatamodel; path = AutomaticAwning.xcdatamodel; sourceTree = "<group>"; };
		2A79A3B91FCDA7EB009A7302 /* Assets.xcassets */ = {isa = PBXFileReference; lastKnownFileType = folder.assetcatalog; path = Assets.xcassets; sourceTree = "<group>"; };
		2A79A3BC1FCDA7EB009A7302 /* Base */ = {isa = PBXFileReference; lastKnownFileType = file.storyboard; name = Base; path = Base.lproj/LaunchScreen.storyboard; sourceTree = "<group>"; };
		2A79A3BE1FCDA7EB009A7302 /* Info.plist */ = {isa = PBXFileReference; lastKnownFileType = text.plist.xml; path = Info.plist; sourceTree = "<group>"; };
		2A79A3C41FCDA86E009A7302 /* AwningListTableViewController.swift */ = {isa = PBXFileReference; lastKnownFileType = sourcecode.swift; path = AwningListTableViewController.swift; sourceTree = "<group>"; };
		2A79A3C61FCDA92D009A7302 /* AddAwningViewController.swift */ = {isa = PBXFileReference; lastKnownFileType = sourcecode.swift; path = AddAwningViewController.swift; sourceTree = "<group>"; };
		2A79A3CA1FCDBDED009A7302 /* Awning.swift */ = {isa = PBXFileReference; lastKnownFileType = sourcecode.swift; path = Awning.swift; sourceTree = "<group>"; };
		2A79A3CC1FCDD170009A7302 /* 401715-200.png */ = {isa = PBXFileReference; lastKnownFileType = image.png; name = "401715-200.png"; path = "../../../Downloads/401715-200.png"; sourceTree = "<group>"; };
		2A79A3CE1FCDECBA009A7302 /* av206d445c95daddcc4ad.png */ = {isa = PBXFileReference; lastKnownFileType = image.png; name = av206d445c95daddcc4ad.png; path = ../../../Downloads/av206d445c95daddcc4ad.png; sourceTree = "<group>"; };
		2A79A3D11FCDFE9C009A7302 /* CoreBluetooth.framework */ = {isa = PBXFileReference; lastKnownFileType = wrapper.framework; name = CoreBluetooth.framework; path = System/Library/Frameworks/CoreBluetooth.framework; sourceTree = SDKROOT; };
		2A79A3D31FCE0B05009A7302 /* ScanTableViewController.swift */ = {isa = PBXFileReference; lastKnownFileType = sourcecode.swift; path = ScanTableViewController.swift; sourceTree = "<group>"; };
		2A79A3D51FCE27E7009A7302 /* BlueControlViewController.swift */ = {isa = PBXFileReference; lastKnownFileType = sourcecode.swift; path = BlueControlViewController.swift; sourceTree = "<group>"; };
		2A79A3D71FCEF247009A7302 /* AwningTableViewCell.swift */ = {isa = PBXFileReference; fileEncoding = 4; lastKnownFileType = sourcecode.swift; name = AwningTableViewCell.swift; path = ../../../.Trash/AwningTableViewCell.swift; sourceTree = "<group>"; };
/* End PBXFileReference section */

/* Begin PBXFrameworksBuildPhase section */
		2A79A3A91FCDA7EB009A7302 /* Frameworks */ = {
			isa = PBXFrameworksBuildPhase;
			buildActionMask = 2147483647;
			files = (
				2A79A3D21FCDFEB8009A7302 /* CoreBluetooth.framework in Frameworks */,
			);
			runOnlyForDeploymentPostprocessing = 0;
		};
/* End PBXFrameworksBuildPhase section */

/* Begin PBXGroup section */
		2A79A3A31FCDA7EB009A7302 = {
			isa = PBXGroup;
			children = (
				2A79A3AE1FCDA7EB009A7302 /* AutomaticAwning */,
				2A79A3AD1FCDA7EB009A7302 /* Products */,
				2A79A3D01FCDFE9C009A7302 /* Frameworks */,
			);
			sourceTree = "<group>";
		};
		2A79A3AD1FCDA7EB009A7302 /* Products */ = {
			isa = PBXGroup;
			children = (
				2A79A3AC1FCDA7EB009A7302 /* AutomaticAwning.app */,
			);
			name = Products;
			sourceTree = "<group>";
		};
		2A79A3AE1FCDA7EB009A7302 /* AutomaticAwning */ = {
			isa = PBXGroup;
			children = (
				2A79A3D31FCE0B05009A7302 /* ScanTableViewController.swift */,
				2A79A3AF1FCDA7EB009A7302 /* AppDelegate.swift */,
				2A79A3B11FCDA7EB009A7302 /* AutomaticAwningViewController.swift */,
				2A79A3C41FCDA86E009A7302 /* AwningListTableViewController.swift */,
				2A79A3C61FCDA92D009A7302 /* AddAwningViewController.swift */,
				2A79A3B31FCDA7EB009A7302 /* Main.storyboard */,
				2A79A3CA1FCDBDED009A7302 /* Awning.swift */,
				2A79A3D51FCE27E7009A7302 /* BlueControlViewController.swift */,
				2A79A3CC1FCDD170009A7302 /* 401715-200.png */,
				2A79A3D71FCEF247009A7302 /* AwningTableViewCell.swift */,
				2A79A3CE1FCDECBA009A7302 /* av206d445c95daddcc4ad.png */,
				2A79A3B91FCDA7EB009A7302 /* Assets.xcassets */,
				2A79A3BB1FCDA7EB009A7302 /* LaunchScreen.storyboard */,
				2A79A3BE1FCDA7EB009A7302 /* Info.plist */,
				2A79A3B61FCDA7EB009A7302 /* AutomaticAwning.xcdatamodeld */,
			);
			path = AutomaticAwning;
			sourceTree = "<group>";
		};
		2A79A3D01FCDFE9C009A7302 /* Frameworks */ = {
			isa = PBXGroup;
			children = (
				2A79A3D11FCDFE9C009A7302 /* CoreBluetooth.framework */,
			);
			name = Frameworks;
			sourceTree = "<group>";
		};
/* End PBXGroup section */

/* Begin PBXNativeTarget section */
		2A79A3AB1FCDA7EB009A7302 /* AutomaticAwning */ = {
			isa = PBXNativeTarget;
			buildConfigurationList = 2A79A3C11FCDA7EB009A7302 /* Build configuration list for PBXNativeTarget "AutomaticAwning" */;
			buildPhases = (
				2A79A3A81FCDA7EB009A7302 /* Sources */,
				2A79A3A91FCDA7EB009A7302 /* Frameworks */,
				2A79A3AA1FCDA7EB009A7302 /* Resources */,
			);
			buildRules = (
			);
			dependencies = (
			);
			name = AutomaticAwning;
			productName = AutomaticAwning;
			productReference = 2A79A3AC1FCDA7EB009A7302 /* AutomaticAwning.app */;
			productType = "com.apple.product-type.application";
		};
/* End PBXNativeTarget section */

/* Begin PBXProject section */
		2A79A3A41FCDA7EB009A7302 /* Project object */ = {
			isa = PBXProject;
			attributes = {
				LastSwiftUpdateCheck = 0910;
				LastUpgradeCheck = 0910;
				ORGANIZATIONNAME = "Pattranit Pisantanaroj";
				TargetAttributes = {
					2A79A3AB1FCDA7EB009A7302 = {
						CreatedOnToolsVersion = 9.1;
						ProvisioningStyle = Automatic;
					};
				};
			};
			buildConfigurationList = 2A79A3A71FCDA7EB009A7302 /* Build configuration list for PBXProject "AutomaticAwning" */;
			compatibilityVersion = "Xcode 8.0";
			developmentRegion = en;
			hasScannedForEncodings = 0;
			knownRegions = (
				en,
				Base,
			);
			mainGroup = 2A79A3A31FCDA7EB009A7302;
			productRefGroup = 2A79A3AD1FCDA7EB009A7302 /* Products */;
			projectDirPath = "";
			projectRoot = "";
			targets = (
				2A79A3AB1FCDA7EB009A7302 /* AutomaticAwning */,
			);
		};
/* End PBXProject section */

/* Begin PBXResourcesBuildPhase section */
		2A79A3AA1FCDA7EB009A7302 /* Resources */ = {
			isa = PBXResourcesBuildPhase;
			buildActionMask = 2147483647;
			files = (
				2A79A3BD1FCDA7EB009A7302 /* LaunchScreen.storyboard in Resources */,
				2A79A3BA1FCDA7EB009A7302 /* Assets.xcassets in Resources */,
				2A79A3CD1FCDD170009A7302 /* 401715-200.png in Resources */,
				2A79A3CF1FCDECBB009A7302 /* av206d445c95daddcc4ad.png in Resources */,
				2A79A3B51FCDA7EB009A7302 /* Main.storyboard in Resources */,
			);
			runOnlyForDeploymentPostprocessing = 0;
		};
/* End PBXResourcesBuildPhase section */

/* Begin PBXSourcesBuildPhase section */
		2A79A3A81FCDA7EB009A7302 /* Sources */ = {
			isa = PBXSourcesBuildPhase;
			buildActionMask = 2147483647;
			files = (
				2A79A3D61FCE27E7009A7302 /* BlueControlViewController.swift in Sources */,
				2A79A3B81FCDA7EB009A7302 /* AutomaticAwning.xcdatamodeld in Sources */,
				2A79A3C51FCDA86E009A7302 /* AwningListTableViewController.swift in Sources */,
				2A79A3CB1FCDBDED009A7302 /* Awning.swift in Sources */,
				2A79A3D41FCE0B05009A7302 /* ScanTableViewController.swift in Sources */,
				2A79A3B21FCDA7EB009A7302 /* AutomaticAwningViewController.swift in Sources */,
				2A79A3C71FCDA92D009A7302 /* AddAwningViewController.swift in Sources */,
				2A79A3D81FCEF247009A7302 /* AwningTableViewCell.swift in Sources */,
				2A79A3B01FCDA7EB009A7302 /* AppDelegate.swift in Sources */,
			);
			runOnlyForDeploymentPostprocessing = 0;
		};
/* End PBXSourcesBuildPhase section */

/* Begin PBXVariantGroup section */
		2A79A3B31FCDA7EB009A7302 /* Main.storyboard */ = {
			isa = PBXVariantGroup;
			children = (
				2A79A3B41FCDA7EB009A7302 /* Base */,
			);
			name = Main.storyboard;
			sourceTree = "<group>";
		};
		2A79A3BB1FCDA7EB009A7302 /* LaunchScreen.storyboard */ = {
			isa = PBXVariantGroup;
			children = (
				2A79A3BC1FCDA7EB009A7302 /* Base */,
			);
			name = LaunchScreen.storyboard;
			sourceTree = "<group>";
		};
/* End PBXVariantGroup section */

/* Begin XCBuildConfiguration section */
		2A79A3BF1FCDA7EB009A7302 /* Debug */ = {
			isa = XCBuildConfiguration;
			buildSettings = {
				ALWAYS_SEARCH_USER_PATHS = NO;
				CLANG_ANALYZER_NONNULL = YES;
				CLANG_ANALYZER_NUMBER_OBJECT_CONVERSION = YES_AGGRESSIVE;
				CLANG_CXX_LANGUAGE_STANDARD = "gnu++14";
				CLANG_CXX_LIBRARY = "libc++";
				CLANG_ENABLE_MODULES = YES;
				CLANG_ENABLE_OBJC_ARC = YES;
				CLANG_WARN_BLOCK_CAPTURE_AUTORELEASING = YES;
				CLANG_WARN_BOOL_CONVERSION = YES;
				CLANG_WARN_COMMA = YES;
				CLANG_WARN_CONSTANT_CONVERSION = YES;
				CLANG_WARN_DIRECT_OBJC_ISA_USAGE = YES_ERROR;
				CLANG_WARN_DOCUMENTATION_COMMENTS = YES;
				CLANG_WARN_EMPTY_BODY = YES;
				CLANG_WARN_ENUM_CONVERSION = YES;
				CLANG_WARN_INFINITE_RECURSION = YES;
				CLANG_WARN_INT_CONVERSION = YES;
				CLANG_WARN_NON_LITERAL_NULL_CONVERSION = YES;
				CLANG_WARN_OBJC_LITERAL_CONVERSION = YES;
				CLANG_WARN_OBJC_ROOT_CLASS = YES_ERROR;
				CLANG_WARN_RANGE_LOOP_ANALYSIS = YES;
				CLANG_WARN_STRICT_PROTOTYPES = YES;
				CLANG_WARN_SUSPICIOUS_MOVE = YES;
				CLANG_WARN_UNGUARDED_AVAILABILITY = YES_AGGRESSIVE;
				CLANG_WARN_UNREACHABLE_CODE = YES;
				CLANG_WARN__DUPLICATE_METHOD_MATCH = YES;
				CODE_SIGN_IDENTITY = "iPhone Developer";
				COPY_PHASE_STRIP = NO;
				DEBUG_INFORMATION_FORMAT = dwarf;
				ENABLE_STRICT_OBJC_MSGSEND = YES;
				ENABLE_TESTABILITY = YES;
				GCC_C_LANGUAGE_STANDARD = gnu11;
				GCC_DYNAMIC_NO_PIC = NO;
				GCC_NO_COMMON_BLOCKS = YES;
				GCC_OPTIMIZATION_LEVEL = 0;
				GCC_PREPROCESSOR_DEFINITIONS = (
					"DEBUG=1",
					"$(inherited)",
				);
				GCC_WARN_64_TO_32_BIT_CONVERSION = YES;
				GCC_WARN_ABOUT_RETURN_TYPE = YES_ERROR;
				GCC_WARN_UNDECLARED_SELECTOR = YES;
				GCC_WARN_UNINITIALIZED_AUTOS = YES_AGGRESSIVE;
				GCC_WARN_UNUSED_FUNCTION = YES;
				GCC_WARN_UNUSED_VARIABLE = YES;
				IPHONEOS_DEPLOYMENT_TARGET = 11.1;
				MTL_ENABLE_DEBUG_INFO = YES;
				ONLY_ACTIVE_ARCH = YES;
				SDKROOT = iphoneos;
				SWIFT_ACTIVE_COMPILATION_CONDITIONS = DEBUG;
				SWIFT_OPTIMIZATION_LEVEL = "-Onone";
			};
			name = Debug;
		};
		2A79A3C01FCDA7EB009A7302 /* Release */ = {
			isa = XCBuildConfiguration;
			buildSettings = {
				ALWAYS_SEARCH_USER_PATHS = NO;
				CLANG_ANALYZER_NONNULL = YES;
				CLANG_ANALYZER_NUMBER_OBJECT_CONVERSION = YES_AGGRESSIVE;
				CLANG_CXX_LANGUAGE_STANDARD = "gnu++14";
				CLANG_CXX_LIBRARY = "libc++";
				CLANG_ENABLE_MODULES = YES;
				CLANG_ENABLE_OBJC_ARC = YES;
				CLANG_WARN_BLOCK_CAPTURE_AUTORELEASING = YES;
				CLANG_WARN_BOOL_CONVERSION = YES;
				CLANG_WARN_COMMA = YES;
				CLANG_WARN_CONSTANT_CONVERSION = YES;
				CLANG_WARN_DIRECT_OBJC_ISA_USAGE = YES_ERROR;
				CLANG_WARN_DOCUMENTATION_COMMENTS = YES;
				CLANG_WARN_EMPTY_BODY = YES;
				CLANG_WARN_ENUM_CONVERSION = YES;
				CLANG_WARN_INFINITE_RECURSION = YES;
				CLANG_WARN_INT_CONVERSION = YES;
				CLANG_WARN_NON_LITERAL_NULL_CONVERSION = YES;
				CLANG_WARN_OBJC_LITERAL_CONVERSION = YES;
				CLANG_WARN_OBJC_ROOT_CLASS = YES_ERROR;
				CLANG_WARN_RANGE_LOOP_ANALYSIS = YES;
				CLANG_WARN_STRICT_PROTOTYPES = YES;
				CLANG_WARN_SUSPICIOUS_MOVE = YES;
				CLANG_WARN_UNGUARDED_AVAILABILITY = YES_AGGRESSIVE;
				CLANG_WARN_UNREACHABLE_CODE = YES;
				CLANG_WARN__DUPLICATE_METHOD_MATCH = YES;
				CODE_SIGN_IDENTITY = "iPhone Developer";
				COPY_PHASE_STRIP = NO;
				DEBUG_INFORMATION_FORMAT = "dwarf-with-dsym";
				ENABLE_NS_ASSERTIONS = NO;
				ENABLE_STRICT_OBJC_MSGSEND = YES;
				GCC_C_LANGUAGE_STANDARD = gnu11;
				GCC_NO_COMMON_BLOCKS = YES;
				GCC_WARN_64_TO_32_BIT_CONVERSION = YES;
				GCC_WARN_ABOUT_RETURN_TYPE = YES_ERROR;
				GCC_WARN_UNDECLARED_SELECTOR = YES;
				GCC_WARN_UNINITIALIZED_AUTOS = YES_AGGRESSIVE;
				GCC_WARN_UNUSED_FUNCTION = YES;
				GCC_WARN_UNUSED_VARIABLE = YES;
				IPHONEOS_DEPLOYMENT_TARGET = 11.1;
				MTL_ENABLE_DEBUG_INFO = NO;
				SDKROOT = iphoneos;
				SWIFT_OPTIMIZATION_LEVEL = "-Owholemodule";
				VALIDATE_PRODUCT = YES;
			};
			name = Release;
		};
		2A79A3C21FCDA7EB009A7302 /* Debug */ = {
			isa = XCBuildConfiguration;
			buildSettings = {
				ASSETCATALOG_COMPILER_APPICON_NAME = AppIcon;
				CODE_SIGN_STYLE = Automatic;
				DEVELOPMENT_TEAM = 6L34F3QQGK;
				INFOPLIST_FILE = AutomaticAwning/Info.plist;
				IPHONEOS_DEPLOYMENT_TARGET = 11.0;
				LD_RUNPATH_SEARCH_PATHS = "$(inherited) @executable_path/Frameworks";
				PRODUCT_BUNDLE_IDENTIFIER = PP.tu.ac.th.AutomaticAwning;
				PRODUCT_NAME = "$(TARGET_NAME)";
				SWIFT_VERSION = 4.0;
				TARGETED_DEVICE_FAMILY = "1,2";
			};
			name = Debug;
		};
		2A79A3C31FCDA7EB009A7302 /* Release */ = {
			isa = XCBuildConfiguration;
			buildSettings = {
				ASSETCATALOG_COMPILER_APPICON_NAME = AppIcon;
				CODE_SIGN_STYLE = Automatic;
				DEVELOPMENT_TEAM = 6L34F3QQGK;
				INFOPLIST_FILE = AutomaticAwning/Info.plist;
				IPHONEOS_DEPLOYMENT_TARGET = 11.0;
				LD_RUNPATH_SEARCH_PATHS = "$(inherited) @executable_path/Frameworks";
				PRODUCT_BUNDLE_IDENTIFIER = PP.tu.ac.th.AutomaticAwning;
				PRODUCT_NAME = "$(TARGET_NAME)";
				SWIFT_VERSION = 4.0;
				TARGETED_DEVICE_FAMILY = "1,2";
			};
			name = Release;
		};
/* End XCBuildConfiguration section */

/* Begin XCConfigurationList section */
		2A79A3A71FCDA7EB009A7302 /* Build configuration list for PBXProject "AutomaticAwning" */ = {
			isa = XCConfigurationList;
			buildConfigurations = (
				2A79A3BF1FCDA7EB009A7302 /* Debug */,
				2A79A3C01FCDA7EB009A7302 /* Release */,
			);
			defaultConfigurationIsVisible = 0;
			defaultConfigurationName = Release;
		};
		2A79A3C11FCDA7EB009A7302 /* Build configuration list for PBXNativeTarget "AutomaticAwning" */ = {
			isa = XCConfigurationList;
			buildConfigurations = (
				2A79A3C21FCDA7EB009A7302 /* Debug */,
				2A79A3C31FCDA7EB009A7302 /* Release */,
			);
			defaultConfigurationIsVisible = 0;
			defaultConfigurationName = Release;
		};
/* End XCConfigurationList section */

/* Begin XCVersionGroup section */
		2A79A3B61FCDA7EB009A7302 /* AutomaticAwning.xcdatamodeld */ = {
			isa = XCVersionGroup;
			children = (
				2A79A3B71FCDA7EB009A7302 /* AutomaticAwning.xcdatamodel */,
			);
			currentVersion = 2A79A3B71FCDA7EB009A7302 /* AutomaticAwning.xcdatamodel */;
			path = AutomaticAwning.xcdatamodeld;
			sourceTree = "<group>";
			versionGroupType = wrapper.xcdatamodel;
		};
/* End XCVersionGroup section */
	};
	rootObject = 2A79A3A41FCDA7EB009A7302 /* Project object */;
}
